
Microsoft Visual Studio Solution File, Format Version 12.00
# Visual Studio Version 16
VisualStudioVersion = 16.0.30413.136
MinimumVisualStudioVersion = 10.0.40219.1
Project("{FAE04EC0-301F-11D3-BF4B-00C04F79EFBC}") = "Calculadora2", "Calculadora2\Calculadora2.csproj", "{14AC5296-38C4-4238-BB73-51236F5DB9C2}"
EndProject
Global
	GlobalSection(SolutionConfigurationPlatforms) = preSolution
		Debug|Any CPU = Debug|Any CPU
		Release|Any CPU = Release|Any CPU
	EndGlobalSection
	GlobalSection(ProjectConfigurationPlatforms) = postSolution
		{14AC5296-38C4-4238-BB73-51236F5DB9C2}.Debug|Any CPU.ActiveCfg = Debug|Any CPU
		{14AC5296-38C4-4238-BB73-51236F5DB9C2}.Debug|Any CPU.Build.0 = Debug|Any CPU
		{14AC5296-38C4-4238-BB73-51236F5DB9C2}.Release|Any CPU.ActiveCfg = Release|Any CPU
		{14AC5296-38C4-4238-BB73-51236F5DB9C2}.Release|Any CPU.Build.0 = Release|Any CPU
	EndGlobalSection
	GlobalSection(SolutionProperties) = preSolution
		HideSolutionNode = FALSE
	EndGlobalSection
	GlobalSection(ExtensibilityGlobals) = postSolution
		SolutionGuid = {696BC81E-AEB4-4757-95B2-418D8A655B1B}
	EndGlobalSection
EndGlobal
